Microsoft Visual Studio Solution File, Format Version 12.00
# Visual Studio Version 17
VisualStudioVersion = 17.5.2.0
MinimumVisualStudioVersion = 10.0.40219.1
Project("{FAE04EC0-301F-11D3-BF4B-00C04F79EFBC}") = "VueTsAppWebApi", "VueTsAppWebApi.csproj", "{06981CEA-078A-EC90-0D67-372D5490EEB6}"
EndProject
Global
	GlobalSection(SolutionConfigurationPlatforms) = preSolution
		Debug|Any CPU = Debug|Any CPU
		Release|Any CPU = Release|Any CPU
	EndGlobalSection
	GlobalSection(ProjectConfigurationPlatforms) = postSolution
		{06981CEA-078A-EC90-0D67-372D5490EEB6}.Debug|Any CPU.ActiveCfg = Debug|Any CPU
		{06981CEA-078A-EC90-0D67-372D5490EEB6}.Debug|Any CPU.Build.0 = Debug|Any CPU
		{06981CEA-078A-EC90-0D67-372D5490EEB6}.Release|Any CPU.ActiveCfg = Release|Any CPU
		{06981CEA-078A-EC90-0D67-372D5490EEB6}.Release|Any CPU.Build.0 = Release|Any CPU
	EndGlobalSection
	GlobalSection(SolutionProperties) = preSolution
		HideSolutionNode = FALSE
	EndGlobalSection
	GlobalSection(ExtensibilityGlobals) = postSolution
		SolutionGuid = {1FE1715D-51AE-4618-A181-48DA4981C5B3}
	EndGlobalSection
EndGlobal
